# This file is generated by running "yarn install" inside your project.
# Manual changes might be lost - proceed with caution!

__metadata:
  version: 6
  cacheKey: 8

"@emnapi/runtime@npm:^1.5.0":
  version: 1.7.0
  resolution: "@emnapi/runtime@npm:1.7.0"
  dependencies:
    tslib: ^2.4.0
  checksum: 2aa1b056f39f113b0fae006f8a113ce2e309c199a5a2b141906f9c3d76c0208d9e61601fe1cdffb3c0b769cfcf141635fe7f14e83a34447257306da4d5f2a0e4
  languageName: node
  linkType: hard

"@img/colour@npm:^1.0.0":
  version: 1.0.0
  resolution: "@img/colour@npm:1.0.0"
  checksum: 3ba417916c3b611b472e2bbfd6dd2b66e0683bd83e849422905c42eef5a87454e9c11602e8172b8be8169eef1d7cf2337d85dc7680890ee8c944fe3a147fdd6b
  languageName: node
  linkType: hard

"@img/sharp-darwin-arm64@npm:0.34.4":
  version: 0.34.4
  resolution: "@img/sharp-darwin-arm64@npm:0.34.4"
  dependencies:
    "@img/sharp-libvips-darwin-arm64": 1.2.3
  dependenciesMeta:
    "@img/sharp-libvips-darwin-arm64":
      optional: true
  conditions: os=darwin & cpu=arm64
  languageName: node
  linkType: hard

"@img/sharp-darwin-x64@npm:0.34.4":
  version: 0.34.4
  resolution: "@img/sharp-darwin-x64@npm:0.34.4"
  dependencies:
    "@img/sharp-libvips-darwin-x64": 1.2.3
  dependenciesMeta:
    "@img/sharp-libvips-darwin-x64":
      optional: true
  conditions: os=darwin & cpu=x64
  languageName: node
  linkType: hard

"@img/sharp-libvips-darwin-arm64@npm:1.2.3":
  version: 1.2.3
  resolution: "@img/sharp-libvips-darwin-arm64@npm:1.2.3"
  conditions: os=darwin & cpu=arm64
  languageName: node
  linkType: hard

"@img/sharp-libvips-darwin-x64@npm:1.2.3":
  version: 1.2.3
  resolution: "@img/sharp-libvips-darwin-x64@npm:1.2.3"
  conditions: os=darwin & cpu=x64
  languageName: node
  linkType: hard

"@img/sharp-libvips-linux-arm64@npm:1.2.3":
  version: 1.2.3
  resolution: "@img/sharp-libvips-linux-arm64@npm:1.2.3"
  conditions: os=linux & cpu=arm64 & libc=glibc
  languageName: node
  linkType: hard

"@img/sharp-libvips-linux-arm@npm:1.2.3":
  version: 1.2.3
  resolution: "@img/sharp-libvips-linux-arm@npm:1.2.3"
  conditions: os=linux & cpu=arm & libc=glibc
  languageName: node
  linkType: hard

"@img/sharp-libvips-linux-ppc64@npm:1.2.3":
  version: 1.2.3
  resolution: "@img/sharp-libvips-linux-ppc64@npm:1.2.3"
  conditions: os=linux & cpu=ppc64 & libc=glibc
  languageName: node
  linkType: hard

"@img/sharp-libvips-linux-s390x@npm:1.2.3":
  version: 1.2.3
  resolution: "@img/sharp-libvips-linux-s390x@npm:1.2.3"
  conditions: os=linux & cpu=s390x & libc=glibc
  languageName: node
  linkType: hard

"@img/sharp-libvips-linux-x64@npm:1.2.3":
  version: 1.2.3
  resolution: "@img/sharp-libvips-linux-x64@npm:1.2.3"
  conditions: os=linux & cpu=x64 & libc=glibc
  languageName: node
  linkType: hard

"@img/sharp-libvips-linuxmusl-arm64@npm:1.2.3":
  version: 1.2.3
  resolution: "@img/sharp-libvips-linuxmusl-arm64@npm:1.2.3"
  conditions: os=linux & cpu=arm64 & libc=musl
  languageName: node
  linkType: hard

"@img/sharp-libvips-linuxmusl-x64@npm:1.2.3":
  version: 1.2.3
  resolution: "@img/sharp-libvips-linuxmusl-x64@npm:1.2.3"
  conditions: os=linux & cpu=x64 & libc=musl
  languageName: node
  linkType: hard

"@img/sharp-linux-arm64@npm:0.34.4":
  version: 0.34.4
  resolution: "@img/sharp-linux-arm64@npm:0.34.4"
  dependencies:
    "@img/sharp-libvips-linux-arm64": 1.2.3
  dependenciesMeta:
    "@img/sharp-libvips-linux-arm64":
      optional: true
  conditions: os=linux & cpu=arm64 & libc=glibc
  languageName: node
  linkType: hard

"@img/sharp-linux-arm@npm:0.34.4":
  version: 0.34.4
  resolution: "@img/sharp-linux-arm@npm:0.34.4"
  dependencies:
    "@img/sharp-libvips-linux-arm": 1.2.3
  dependenciesMeta:
    "@img/sharp-libvips-linux-arm":
      optional: true
  conditions: os=linux & cpu=arm & libc=glibc
  languageName: node
  linkType: hard

"@img/sharp-linux-ppc64@npm:0.34.4":
  version: 0.34.4
  resolution: "@img/sharp-linux-ppc64@npm:0.34.4"
  dependencies:
    "@img/sharp-libvips-linux-ppc64": 1.2.3
  dependenciesMeta:
    "@img/sharp-libvips-linux-ppc64":
      optional: true
  conditions: os=linux & cpu=ppc64 & libc=glibc
  languageName: node
  linkType: hard

"@img/sharp-linux-s390x@npm:0.34.4":
  version: 0.34.4
  resolution: "@img/sharp-linux-s390x@npm:0.34.4"
  dependencies:
    "@img/sharp-libvips-linux-s390x": 1.2.3
  dependenciesMeta:
    "@img/sharp-libvips-linux-s390x":
      optional: true
  conditions: os=linux & cpu=s390x & libc=glibc
  languageName: node
  linkType: hard

"@img/sharp-linux-x64@npm:0.34.4":
  version: 0.34.4
  resolution: "@img/sharp-linux-x64@npm:0.34.4"
  dependencies:
    "@img/sharp-libvips-linux-x64": 1.2.3
  dependenciesMeta:
    "@img/sharp-libvips-linux-x64":
      optional: true
  conditions: os=linux & cpu=x64 & libc=glibc
  languageName: node
  linkType: hard

"@img/sharp-linuxmusl-arm64@npm:0.34.4":
  version: 0.34.4
  resolution: "@img/sharp-linuxmusl-arm64@npm:0.34.4"
  dependencies:
    "@img/sharp-libvips-linuxmusl-arm64": 1.2.3
  dependenciesMeta:
    "@img/sharp-libvips-linuxmusl-arm64":
      optional: true
  conditions: os=linux & cpu=arm64 & libc=musl
  languageName: node
  linkType: hard

"@img/sharp-linuxmusl-x64@npm:0.34.4":
  version: 0.34.4
  resolution: "@img/sharp-linuxmusl-x64@npm:0.34.4"
  dependencies:
    "@img/sharp-libvips-linuxmusl-x64": 1.2.3
  dependenciesMeta:
    "@img/sharp-libvips-linuxmusl-x64":
      optional: true
  conditions: os=linux & cpu=x64 & libc=musl
  languageName: node
  linkType: hard

"@img/sharp-wasm32@npm:0.34.4":
  version: 0.34.4
  resolution: "@img/sharp-wasm32@npm:0.34.4"
  dependencies:
    "@emnapi/runtime": ^1.5.0
  conditions: cpu=wasm32
  languageName: node
  linkType: hard

"@img/sharp-win32-arm64@npm:0.34.4":
  version: 0.34.4
  resolution: "@img/sharp-win32-arm64@npm:0.34.4"
  conditions: os=win32 & cpu=arm64
  languageName: node
  linkType: hard

"@img/sharp-win32-ia32@npm:0.34.4":
  version: 0.34.4
  resolution: "@img/sharp-win32-ia32@npm:0.34.4"
  conditions: os=win32 & cpu=ia32
  languageName: node
  linkType: hard

"@img/sharp-win32-x64@npm:0.34.4":
  version: 0.34.4
  resolution: "@img/sharp-win32-x64@npm:0.34.4"
  conditions: os=win32 & cpu=x64
  languageName: node
  linkType: hard

"@next/env@npm:16.0.2-canary.5":
  version: 16.0.2-canary.5
  resolution: "@next/env@npm:16.0.2-canary.5"
  checksum: a1dac4b285e104ded9936cede6d4a16408a045dddb8541b58948c1b6b11ed0746e917834f5f42bd929390ab39353352645e319cf43ce5844dc35f6efc158be59
  languageName: node
  linkType: hard

"@next/swc-darwin-arm64@npm:16.0.2-canary.5":
  version: 16.0.2-canary.5
  resolution: "@next/swc-darwin-arm64@npm:16.0.2-canary.5"
  conditions: os=darwin & cpu=arm64
  languageName: node
  linkType: hard

"@next/swc-darwin-x64@npm:16.0.2-canary.5":
  version: 16.0.2-canary.5
  resolution: "@next/swc-darwin-x64@npm:16.0.2-canary.5"
  conditions: os=darwin & cpu=x64
  languageName: node
  linkType: hard

"@next/swc-linux-arm64-gnu@npm:16.0.2-canary.5":
  version: 16.0.2-canary.5
  resolution: "@next/swc-linux-arm64-gnu@npm:16.0.2-canary.5"
  conditions: os=linux & cpu=arm64 & libc=glibc
  languageName: node
  linkType: hard

"@next/swc-linux-arm64-musl@npm:16.0.2-canary.5":
  version: 16.0.2-canary.5
  resolution: "@next/swc-linux-arm64-musl@npm:16.0.2-canary.5"
  conditions: os=linux & cpu=arm64 & libc=musl
  languageName: node
  linkType: hard

"@next/swc-linux-x64-gnu@npm:16.0.2-canary.5":
  version: 16.0.2-canary.5
  resolution: "@next/swc-linux-x64-gnu@npm:16.0.2-canary.5"
  conditions: os=linux & cpu=x64 & libc=glibc
  languageName: node
  linkType: hard

"@next/swc-linux-x64-musl@npm:16.0.2-canary.5":
  version: 16.0.2-canary.5
  resolution: "@next/swc-linux-x64-musl@npm:16.0.2-canary.5"
  conditions: os=linux & cpu=x64 & libc=musl
  languageName: node
  linkType: hard

"@next/swc-win32-arm64-msvc@npm:16.0.2-canary.5":
  version: 16.0.2-canary.5
  resolution: "@next/swc-win32-arm64-msvc@npm:16.0.2-canary.5"
  conditions: os=win32 & cpu=arm64
  languageName: node
  linkType: hard

"@next/swc-win32-x64-msvc@npm:16.0.2-canary.5":
  version: 16.0.2-canary.5
  resolution: "@next/swc-win32-x64-msvc@npm:16.0.2-canary.5"
  conditions: os=win32 & cpu=x64
  languageName: node
  linkType: hard

"@swc/helpers@npm:0.5.15":
  version: 0.5.15
  resolution: "@swc/helpers@npm:0.5.15"
  dependencies:
    tslib: ^2.8.0
  checksum: 1a9e0dbb792b2d1e0c914d69c201dbc96af3a0e6e6e8cf5a7f7d6a5d7b0e8b762915cd4447acb6b040e2ecc1ed49822875a7239f99a2d63c96c3c3407fb6fccf
  languageName: node
  linkType: hard

"@types/node@npm:^22":
  version: 22.19.0
  resolution: "@types/node@npm:22.19.0"
  dependencies:
    undici-types: ~6.21.0
  checksum: ed841e6de297eb9e73661b595d21c5d8ab55af9fb5b35649ae4aee2ae9b6c5db5408aa903cafeef224c205799cd0aa48d2133b6d0e7b0eacdef323d8c5f225f7
  languageName: node
  linkType: hard

"@types/react@npm:^19":
  version: 19.2.2
  resolution: "@types/react@npm:19.2.2"
  dependencies:
    csstype: ^3.0.2
  checksum: 7eb2d316dd5a6c02acb416524b50bae932c38d055d26e0f561ca23c009c686d16a2b22fcbb941eecbe2ecb167f119e29b9d0142d9d056dd381352c43413b60da
  languageName: node
  linkType: hard

"caniuse-lite@npm:^1.0.30001579":
  version: 1.0.30001753
  resolution: "caniuse-lite@npm:1.0.30001753"
  checksum: d38b17895a99bf1ba9f1a8076233e3d4a606cd0121ccdb381ea94c651aaea0e1587ba3922b11dde4eb153b6741ac3e129fc670df0a7251987ed8619f09059b8a
  languageName: node
  linkType: hard

"client-only@npm:0.0.1":
  version: 0.0.1
  resolution: "client-only@npm:0.0.1"
  checksum: 0c16bf660dadb90610553c1d8946a7fdfb81d624adea073b8440b7d795d5b5b08beb3c950c6a2cf16279365a3265158a236876d92bce16423c485c322d7dfaf8
  languageName: node
  linkType: hard

"csstype@npm:^3.0.2":
  version: 3.1.3
  resolution: "csstype@npm:3.1.3"
  checksum: 8db785cc92d259102725b3c694ec0c823f5619a84741b5c7991b8ad135dfaa66093038a1cc63e03361a6cd28d122be48f2106ae72334e067dd619a51f49eddf7
  languageName: node
  linkType: hard

"detect-libc@npm:^2.1.0":
  version: 2.1.2
  resolution: "detect-libc@npm:2.1.2"
  checksum: 471740d52365084c4b2ae359e507b863f2b1d79b08a92835ebdf701918e08fc9cfba175b3db28483ca33b155e1311a91d69dc42c6d192b476f41a9e1f094ce6a
  languageName: node
  linkType: hard

"nanoid@npm:^3.3.6":
  version: 3.3.11
  resolution: "nanoid@npm:3.3.11"
  bin:
    nanoid: bin/nanoid.cjs
  checksum: 3be20d8866a57a6b6d218e82549711c8352ed969f9ab3c45379da28f405363ad4c9aeb0b39e9abc101a529ca65a72ff9502b00bf74a912c4b64a9d62dfd26c29
  languageName: node
  linkType: hard

"next@npm:canary":
  version: 16.0.2-canary.5
  resolution: "next@npm:16.0.2-canary.5"
  dependencies:
    "@next/env": 16.0.2-canary.5
    "@next/swc-darwin-arm64": 16.0.2-canary.5
    "@next/swc-darwin-x64": 16.0.2-canary.5
    "@next/swc-linux-arm64-gnu": 16.0.2-canary.5
    "@next/swc-linux-arm64-musl": 16.0.2-canary.5
    "@next/swc-linux-x64-gnu": 16.0.2-canary.5
    "@next/swc-linux-x64-musl": 16.0.2-canary.5
    "@next/swc-win32-arm64-msvc": 16.0.2-canary.5
    "@next/swc-win32-x64-msvc": 16.0.2-canary.5
    "@swc/helpers": 0.5.15
    caniuse-lite: ^1.0.30001579
    postcss: 8.4.31
    sharp: ^0.34.4
    styled-jsx: 5.1.6
  peerDependencies:
    "@opentelemetry/api": ^1.1.0
    "@playwright/test": ^1.51.1
    babel-plugin-react-compiler: "*"
    react: ^18.2.0 || 19.0.0-rc-de68d2f4-20241204 || ^19.0.0
    react-dom: ^18.2.0 || 19.0.0-rc-de68d2f4-20241204 || ^19.0.0
    sass: ^1.3.0
  dependenciesMeta:
    "@next/swc-darwin-arm64":
      optional: true
    "@next/swc-darwin-x64":
      optional: true
    "@next/swc-linux-arm64-gnu":
      optional: true
    "@next/swc-linux-arm64-musl":
      optional: true
    "@next/swc-linux-x64-gnu":
      optional: true
    "@next/swc-linux-x64-musl":
      optional: true
    "@next/swc-win32-arm64-msvc":
      optional: true
    "@next/swc-win32-x64-msvc":
      optional: true
    sharp:
      optional: true
  peerDependenciesMeta:
    "@opentelemetry/api":
      optional: true
    "@playwright/test":
      optional: true
    babel-plugin-react-compiler:
      optional: true
    sass:
      optional: true
  bin:
    next: dist/bin/next
  checksum: 36c73eed366c97fcad898c6b8c150455350009d99bf65dc42c03eca8d430b3aa6200d34560430f9384f44827deeec2f9eb3ff7991f03b4f7a64dfe689c74e1df
  languageName: node
  linkType: hard

"picocolors@npm:^1.0.0":
  version: 1.1.1
  resolution: "picocolors@npm:1.1.1"
  checksum: e1cf46bf84886c79055fdfa9dcb3e4711ad259949e3565154b004b260cd356c5d54b31a1437ce9782624bf766272fe6b0154f5f0c744fb7af5d454d2b60db045
  languageName: node
  linkType: hard

"postcss@npm:8.4.31":
  version: 8.4.31
  resolution: "postcss@npm:8.4.31"
  dependencies:
    nanoid: ^3.3.6
    picocolors: ^1.0.0
    source-map-js: ^1.0.2
  checksum: 1d8611341b073143ad90486fcdfeab49edd243377b1f51834dc4f6d028e82ce5190e4f11bb2633276864503654fb7cab28e67abdc0fbf9d1f88cad4a0ff0beea
  languageName: node
  linkType: hard

"react-dom@npm:19.2.0":
  version: 19.2.0
  resolution: "react-dom@npm:19.2.0"
  dependencies:
    scheduler: ^0.27.0
  peerDependencies:
    react: ^19.2.0
  checksum: b6ec952f68a29dcc847143ad48974477e1d3b95cb0a6e0039dd93c7fe64d0ef51f2ca09a19c5eb892ba625ba88c4bcc6f8bc3bdd1c33ccc3f6f17acabbb4882f
  languageName: node
  linkType: hard

"react@npm:19.2.0":
  version: 19.2.0
  resolution: "react@npm:19.2.0"
  checksum: 33dd01bf699e1c5040eb249e0f552519adf7ee90b98c49d702a50bf23af6852ea46023a5f7f93966ab10acd7a45428fa0f193c686ecdaa7a75a03886e53ec3fe
  languageName: node
  linkType: hard

"root-workspace-0b6124@workspace:.":
  version: 0.0.0-use.local
  resolution: "root-workspace-0b6124@workspace:."
  dependencies:
    "@types/node": ^22
    "@types/react": ^19
    next: canary
    react: 19.2.0
    react-dom: 19.2.0
    typescript: ^5
  languageName: unknown
  linkType: soft

"scheduler@npm:^0.27.0":
  version: 0.27.0
  resolution: "scheduler@npm:0.27.0"
  checksum: 92644ead0a9443e20f9d24132fe93675b156209b9eeb35ea245f8a86768d0cc0fcca56f341eeef21d9b6dd8e72d6d5e260eb5a41d34b05cd605dd45a29f572ef
  languageName: node
  linkType: hard

"semver@npm:^7.7.2":
  version: 7.7.3
  resolution: "semver@npm:7.7.3"
  bin:
    semver: bin/semver.js
  checksum: f013a3ee4607857bcd3503b6ac1d80165f7f8ea94f5d55e2d3e33df82fce487aa3313b987abf9b39e0793c83c9fc67b76c36c067625141a9f6f704ae0ea18db2
  languageName: node
  linkType: hard

"sharp@npm:^0.34.4":
  version: 0.34.4
  resolution: "sharp@npm:0.34.4"
  dependencies:
    "@img/colour": ^1.0.0
    "@img/sharp-darwin-arm64": 0.34.4
    "@img/sharp-darwin-x64": 0.34.4
    "@img/sharp-libvips-darwin-arm64": 1.2.3
    "@img/sharp-libvips-darwin-x64": 1.2.3
    "@img/sharp-libvips-linux-arm": 1.2.3
    "@img/sharp-libvips-linux-arm64": 1.2.3
    "@img/sharp-libvips-linux-ppc64": 1.2.3
    "@img/sharp-libvips-linux-s390x": 1.2.3
    "@img/sharp-libvips-linux-x64": 1.2.3
    "@img/sharp-libvips-linuxmusl-arm64": 1.2.3
    "@img/sharp-libvips-linuxmusl-x64": 1.2.3
    "@img/sharp-linux-arm": 0.34.4
    "@img/sharp-linux-arm64": 0.34.4
    "@img/sharp-linux-ppc64": 0.34.4
    "@img/sharp-linux-s390x": 0.34.4
    "@img/sharp-linux-x64": 0.34.4
    "@img/sharp-linuxmusl-arm64": 0.34.4
    "@img/sharp-linuxmusl-x64": 0.34.4
    "@img/sharp-wasm32": 0.34.4
    "@img/sharp-win32-arm64": 0.34.4
    "@img/sharp-win32-ia32": 0.34.4
    "@img/sharp-win32-x64": 0.34.4
    detect-libc: ^2.1.0
    semver: ^7.7.2
  dependenciesMeta:
    "@img/sharp-darwin-arm64":
      optional: true
    "@img/sharp-darwin-x64":
      optional: true
    "@img/sharp-libvips-darwin-arm64":
      optional: true
    "@img/sharp-libvips-darwin-x64":
      optional: true
    "@img/sharp-libvips-linux-arm":
      optional: true
    "@img/sharp-libvips-linux-arm64":
      optional: true
    "@img/sharp-libvips-linux-ppc64":
      optional: true
    "@img/sharp-libvips-linux-s390x":
      optional: true
    "@img/sharp-libvips-linux-x64":
      optional: true
    "@img/sharp-libvips-linuxmusl-arm64":
      optional: true
    "@img/sharp-libvips-linuxmusl-x64":
      optional: true
    "@img/sharp-linux-arm":
      optional: true
    "@img/sharp-linux-arm64":
      optional: true
    "@img/sharp-linux-ppc64":
      optional: true
    "@img/sharp-linux-s390x":
      optional: true
    "@img/sharp-linux-x64":
      optional: true
    "@img/sharp-linuxmusl-arm64":
      optional: true
    "@img/sharp-linuxmusl-x64":
      optional: true
    "@img/sharp-wasm32":
      optional: true
    "@img/sharp-win32-arm64":
      optional: true
    "@img/sharp-win32-ia32":
      optional: true
    "@img/sharp-win32-x64":
      optional: true
  checksum: 4640bd81ce2d49fc8df254e173f9da397bce2ffede201e72f34e4f6cba14f92a83ff34aff8ab669f08efed3d2c7a83c13cd8ec37180c65dd4ad3fbbd1691cd4e
  languageName: node
  linkType: hard

"source-map-js@npm:^1.0.2":
  version: 1.2.1
  resolution: "source-map-js@npm:1.2.1"
  checksum: 4eb0cd997cdf228bc253bcaff9340afeb706176e64868ecd20efbe6efea931465f43955612346d6b7318789e5265bdc419bc7669c1cebe3db0eb255f57efa76b
  languageName: node
  linkType: hard

"styled-jsx@npm:5.1.6":
  version: 5.1.6
  resolution: "styled-jsx@npm:5.1.6"
  dependencies:
    client-only: 0.0.1
  peerDependencies:
    react: ">= 16.8.0 || 17.x.x || ^18.0.0-0 || ^19.0.0-0"
  peerDependenciesMeta:
    "@babel/core":
      optional: true
    babel-plugin-macros:
      optional: true
  checksum: 879ad68e3e81adcf4373038aaafe55f968294955593660e173fbf679204aff158c59966716a60b29af72dc88795cfb2c479b6d2c3c87b2b2d282f3e27cc66461
  languageName: node
  linkType: hard

"tslib@npm:^2.4.0, tslib@npm:^2.8.0":
  version: 2.8.1
  resolution: "tslib@npm:2.8.1"
  checksum: e4aba30e632b8c8902b47587fd13345e2827fa639e7c3121074d5ee0880723282411a8838f830b55100cbe4517672f84a2472667d355b81e8af165a55dc6203a
  languageName: node
  linkType: hard

"typescript@npm:^5":
  version: 5.9.3
  resolution: "typescript@npm:5.9.3"
  bin:
    tsc: bin/tsc
    tsserver: bin/tsserver
  checksum: 0d0ffb84f2cd072c3e164c79a2e5a1a1f4f168e84cb2882ff8967b92afe1def6c2a91f6838fb58b168428f9458c57a2ba06a6737711fdd87a256bbe83e9a217f
  languageName: node
  linkType: hard

"typescript@patch:typescript@^5#~builtin<compat/typescript>":
  version: 5.9.3
  resolution: "typescript@patch:typescript@npm%3A5.9.3#~builtin<compat/typescript>::version=5.9.3&hash=5da071"
  bin:
    tsc: bin/tsc
    tsserver: bin/tsserver
  checksum: 8bb8d86819ac86a498eada254cad7fb69c5f74778506c700c2a712daeaff21d3a6f51fd0d534fe16903cb010d1b74f89437a3d02d4d0ff5ca2ba9a4660de8497
  languageName: node
  linkType: hard

"undici-types@npm:~6.21.0":
  version: 6.21.0
  resolution: "undici-types@npm:6.21.0"
  checksum: 46331c7d6016bf85b3e8f20c159d62f5ae471aba1eb3dc52fff35a0259d58dcc7d592d4cc4f00c5f9243fa738a11cfa48bd20203040d4a9e6bc25e807fab7ab3
  languageName: node
  linkType: hard
